
Microsoft Visual Studio Solution File, Format Version 12.00
# Visual Studio Version 17
VisualStudioVersion = 17.9.34728.123
MinimumVisualStudioVersion = 10.0.40219.1
Project("{9A19103F-16F7-4668-BE54-9A1E7A4F7556}") = "Minesweeper", "Minesweeper\Minesweeper.csproj", "{D96F2D8E-DDE3-4049-91A2-96FFA5C25D0F}"
EndProject
Project("{2150E333-8FDC-42A3-9474-1A3956D46DE8}") = "Solution Items", "Solution Items", "{3B2E19D1-0062-4194-B400-6F50FD08F2BF}"
	ProjectSection(SolutionItems) = preProject
		README.txt = README.txt
	EndProjectSection
EndProject
Global
	GlobalSection(SolutionConfigurationPlatforms) = preSolution
		Debug|Any CPU = Debug|Any CPU
		Release|Any CPU = Release|Any CPU
	EndGlobalSection
	GlobalSection(ProjectConfigurationPlatforms) = postSolution
		{D96F2D8E-DDE3-4049-91A2-96FFA5C25D0F}.Debug|Any CPU.ActiveCfg = Debug|Any CPU
		{D96F2D8E-DDE3-4049-91A2-96FFA5C25D0F}.Debug|Any CPU.Build.0 = Debug|Any CPU
		{D96F2D8E-DDE3-4049-91A2-96FFA5C25D0F}.Release|Any CPU.ActiveCfg = Release|Any CPU
		{D96F2D8E-DDE3-4049-91A2-96FFA5C25D0F}.Release|Any CPU.Build.0 = Release|Any CPU
	EndGlobalSection
	GlobalSection(SolutionProperties) = preSolution
		HideSolutionNode = FALSE
	EndGlobalSection
	GlobalSection(ExtensibilityGlobals) = postSolution
		SolutionGuid = {319667AC-3E7F-42B0-9688-94222B46F4AC}
	EndGlobalSection
EndGlobal
